<?xml version="1.0" encoding="utf-8"?>
<Project ToolsVersion="4.0" xmlns="http://schemas.microsoft.com/developer/msbuild/2003">
  <ItemGroup>
    <Filter Include="Source Files">
      <UniqueIdentifier>{4FC737F1-C7A5-4376-A066-2A32D752A2FF}</UniqueIdentifier>
      <Extensions>cpp;c;cc;cxx;def;odl;idl;hpj;bat;asm;asmx</Extensions>
    </Filter>
    <Filter Include="Header Files">
      <UniqueIdentifier>{93995380-89BD-4b04-88EB-625FBE52EBFB}</UniqueIdentifier>
      <Extensions>h;hpp;hxx;hm;inl;inc;xsd</Extensions>
    </Filter>
    <Filter Include="Resource Files">
      <UniqueIdentifier>{67DA6AB6-F800-4c08-8B7A-83BB121AAD01}</UniqueIdentifier>
      <Extensions>rc;ico;cur;bmp;dlg;rc2;rct;bin;rgs;gif;jpg;jpeg;jpe;resx;tiff;tif;png;wav;mfcribbon-ms</Extensions>
    </Filter>
  </ItemGroup>
  <ItemGroup>
    <ClInclude Include="..\external\include\libantlr\antlr3.h">
      <Filter>Header Files</Filter>
    </ClInclude>
    <ClInclude Include="..\external\include\libantlr\antlr3baserecognizer.h">
      <Filter>Header Files</Filter>
    </ClInclude>
    <ClInclude Include="..\external\include\libantlr\antlr3basetree.h">
      <Filter>Header Files</Filter>
    </ClInclude>
    <ClInclude Include="..\external\include\libantlr\antlr3basetreeadaptor.h">
      <Filter>Header Files</Filter>
    </ClInclude>
    <ClInclude Include="..\external\include\libantlr\antlr3bitset.h">
      <Filter>Header Files</Filter>
    </ClInclude>
    <ClInclude Include="..\external\include\libantlr\antlr3collections.h">
      <Filter>Header Files</Filter>
    </ClInclude>
    <ClInclude Include="..\external\include\libantlr\antlr3commontoken.h">
      <Filter>Header Files</Filter>
    </ClInclude>
    <ClInclude Include="..\external\include\libantlr\antlr3commontree.h">
      <Filter>Header Files</Filter>
    </ClInclude>
    <ClInclude Include="..\external\include\libantlr\antlr3commontreeadaptor.h">
      <Filter>Header Files</Filter>
    </ClInclude>
    <ClInclude Include="..\external\include\libantlr\antlr3commontreenodestream.h">
      <Filter>Header Files</Filter>
    </ClInclude>
    <ClInclude Include="..\external\include\libantlr\antlr3convertutf.h">
      <Filter>Header Files</Filter>
    </ClInclude>
    <ClInclude Include="..\external\include\libantlr\antlr3cyclicdfa.h">
      <Filter>Header Files</Filter>
    </ClInclude>
    <ClInclude Include="..\external\include\libantlr\antlr3debugeventlistener.h">
      <Filter>Header Files</Filter>
    </ClInclude>
    <ClInclude Include="..\external\include\libantlr\antlr3defs.h">
      <Filter>Header Files</Filter>
    </ClInclude>
    <ClInclude Include="..\external\include\libantlr\antlr3encodings.h">
      <Filter>Header Files</Filter>
    </ClInclude>
    <ClInclude Include="..\external\include\libantlr\antlr3errors.h">
      <Filter>Header Files</Filter>
    </ClInclude>
    <ClInclude Include="..\external\include\libantlr\antlr3exception.h">
      <Filter>Header Files</Filter>
    </ClInclude>
    <ClInclude Include="..\external\include\libantlr\antlr3filestream.h">
      <Filter>Header Files</Filter>
    </ClInclude>
    <ClInclude Include="..\external\include\libantlr\antlr3input.h">
      <Filter>Header Files</Filter>
    </ClInclude>
    <ClInclude Include="..\external\include\libantlr\antlr3interfaces.h">
      <Filter>Header Files</Filter>
    </ClInclude>
    <ClInclude Include="..\external\include\libantlr\antlr3intstream.h">
      <Filter>Header Files</Filter>
    </ClInclude>
    <ClInclude Include="..\external\include\libantlr\antlr3lexer.h">
      <Filter>Header Files</Filter>
    </ClInclude>
    <ClInclude Include="..\external\include\libantlr\antlr3memory.h">
      <Filter>Header Files</Filter>
    </ClInclude>
    <ClInclude Include="..\external\include\libantlr\antlr3parser.h">
      <Filter>Header Files</Filter>
    </ClInclude>
    <ClInclude Include="..\external\include\libantlr\antlr3parsetree.h">
      <Filter>Header Files</Filter>
    </ClInclude>
    <ClInclude Include="..\external\include\libantlr\antlr3recognizersharedstate.h">
      <Filter>Header Files</Filter>
    </ClInclude>
    <ClInclude Include="..\external\include\libantlr\antlr3rewritestreams.h">
      <Filter>Header Files</Filter>
    </ClInclude>
    <ClInclude Include="..\external\include\libantlr\antlr3string.h">
      <Filter>Header Files</Filter>
    </ClInclude>
    <ClInclude Include="..\external\include\libantlr\antlr3stringstream.h">
      <Filter>Header Files</Filter>
    </ClInclude>
    <ClInclude Include="..\external\include\libantlr\antlr3tokenstream.h">
      <Filter>Header Files</Filter>
    </ClInclude>
    <ClInclude Include="..\external\include\libantlr\antlr3treeparser.h">
      <Filter>Header Files</Filter>
    </ClInclude>
    <ClInclude Include="..\external\include\mpir.h">
      <Filter>Header Files</Filter>
    </ClInclude>
    <ClInclude Include="..\src\Expr.h">
      <Filter>Source Files</Filter>
    </ClInclude>
    <ClInclude Include="..\src\ui\Windows\resource.h">
      <Filter>Header Files</Filter>
    </ClInclude>
  </ItemGroup>
  <ItemGroup>
    <ClCompile Include="..\src\Error.c">
      <Filter>Source Files</Filter>
    </ClCompile>
    <ClCompile Include="..\src\Expr.c">
      <Filter>Source Files</Filter>
    </ClCompile>
    <ClCompile Include="..\src\ui\Windows\WinGui.cpp">
      <Filter>Source Files</Filter>
    </ClCompile>
    <ClCompile Include="EvaLexer.c">
      <Filter>Source Files</Filter>
    </ClCompile>
    <ClCompile Include="EvaParser.c">
      <Filter>Source Files</Filter>
    </ClCompile>
    <ClCompile Include="EvaTree.c">
      <Filter>Source Files</Filter>
    </ClCompile>
  </ItemGroup>
  <ItemGroup>
    <None Include="..\src\ui\Windows\calculator.ico">
      <Filter>Resource Files</Filter>
    </None>
  </ItemGroup>
  <ItemGroup>
    <ResourceCompile Include="..\src\ui\Windows\resource.rc">
      <Filter>Resource Files</Filter>
    </ResourceCompile>
  </ItemGroup>
  <ItemGroup>
    <CustomBuild Include="..\src\grammar\Eva.g">
      <Filter>Source Files</Filter>
    </CustomBuild>
    <CustomBuild Include="..\src\grammar\EvaTree.g">
      <Filter>Source Files</Filter>
    </CustomBuild>
  </ItemGroup>
</Project>